
Microsoft Visual Studio Solution File, Format Version 12.00
# Visual Studio Version 17
VisualStudioVersion = 17.13.36105.23 d17.13
MinimumVisualStudioVersion = 10.0.40219.1
Project("{FAE04EC0-301F-11D3-BF4B-00C04F79EFBC}") = "EmployeeProfileManagement.Api", "EmployeeProfileManagement.Api\EmployeeProfileManagement.Api.csproj", "{9EE3E7AD-4566-4036-9D59-F2AB91ACDD36}"
EndProject
Project("{FAE04EC0-301F-11D3-BF4B-00C04F79EFBC}") = "EmployeeProfileManagement.Models", "EmployeeProfileManagement.Models\EmployeeProfileManagement.Models.csproj", "{A4FAFB5A-FE90-400B-AF8A-91DAD28E239A}"
EndProject
Project("{FAE04EC0-301F-11D3-BF4B-00C04F79EFBC}") = "EmployeeProfileManagement.Data", "EmployeeProfileManagement.Data\EmployeeProfileManagement.Data.csproj", "{15AB525E-1DC1-496D-9922-93A940766168}"
EndProject
Project("{FAE04EC0-301F-11D3-BF4B-00C04F79EFBC}") = "EmployeeProfileManagement.GraphQL", "EmployeeProfileManagement.GraphQL\EmployeeProfileManagement.GraphQL.csproj", "{7F8AC798-FA5D-461A-ABE3-14E27EC97E84}"
EndProject
Project("{FAE04EC0-301F-11D3-BF4B-00C04F79EFBC}") = "EmployeeProfileManagement.Services", "EmployeeProfileManagement.Services\EmployeeProfileManagement.Services.csproj", "{F2D3E4AF-EAB7-4A41-975C-D04880302775}"
EndProject
Global
	GlobalSection(SolutionConfigurationPlatforms) = preSolution
		Debug|Any CPU = Debug|Any CPU
		Release|Any CPU = Release|Any CPU
	EndGlobalSection
	GlobalSection(ProjectConfigurationPlatforms) = postSolution
		{9EE3E7AD-4566-4036-9D59-F2AB91ACDD36}.Debug|Any CPU.ActiveCfg = Debug|Any CPU
		{9EE3E7AD-4566-4036-9D59-F2AB91ACDD36}.Debug|Any CPU.Build.0 = Debug|Any CPU
		{9EE3E7AD-4566-4036-9D59-F2AB91ACDD36}.Release|Any CPU.ActiveCfg = Release|Any CPU
		{9EE3E7AD-4566-4036-9D59-F2AB91ACDD36}.Release|Any CPU.Build.0 = Release|Any CPU
		{A4FAFB5A-FE90-400B-AF8A-91DAD28E239A}.Debug|Any CPU.ActiveCfg = Debug|Any CPU
		{A4FAFB5A-FE90-400B-AF8A-91DAD28E239A}.Debug|Any CPU.Build.0 = Debug|Any CPU
		{A4FAFB5A-FE90-400B-AF8A-91DAD28E239A}.Release|Any CPU.ActiveCfg = Release|Any CPU
		{A4FAFB5A-FE90-400B-AF8A-91DAD28E239A}.Release|Any CPU.Build.0 = Release|Any CPU
		{15AB525E-1DC1-496D-9922-93A940766168}.Debug|Any CPU.ActiveCfg = Debug|Any CPU
		{15AB525E-1DC1-496D-9922-93A940766168}.Debug|Any CPU.Build.0 = Debug|Any CPU
		{15AB525E-1DC1-496D-9922-93A940766168}.Release|Any CPU.ActiveCfg = Release|Any CPU
		{15AB525E-1DC1-496D-9922-93A940766168}.Release|Any CPU.Build.0 = Release|Any CPU
		{7F8AC798-FA5D-461A-ABE3-14E27EC97E84}.Debug|Any CPU.ActiveCfg = Debug|Any CPU
		{7F8AC798-FA5D-461A-ABE3-14E27EC97E84}.Debug|Any CPU.Build.0 = Debug|Any CPU
		{7F8AC798-FA5D-461A-ABE3-14E27EC97E84}.Release|Any CPU.ActiveCfg = Release|Any CPU
		{7F8AC798-FA5D-461A-ABE3-14E27EC97E84}.Release|Any CPU.Build.0 = Release|Any CPU
		{F2D3E4AF-EAB7-4A41-975C-D04880302775}.Debug|Any CPU.ActiveCfg = Debug|Any CPU
		{F2D3E4AF-EAB7-4A41-975C-D04880302775}.Debug|Any CPU.Build.0 = Debug|Any CPU
		{F2D3E4AF-EAB7-4A41-975C-D04880302775}.Release|Any CPU.ActiveCfg = Release|Any CPU
		{F2D3E4AF-EAB7-4A41-975C-D04880302775}.Release|Any CPU.Build.0 = Release|Any CPU
	EndGlobalSection
	GlobalSection(SolutionProperties) = preSolution
		HideSolutionNode = FALSE
	EndGlobalSection
	GlobalSection(ExtensibilityGlobals) = postSolution
		SolutionGuid = {4C7EE07D-073F-499A-A2EA-9FB2D8FF105E}
	EndGlobalSection
EndGlobal
